// !$*UTF8*$!
{
	archiveVersion = 1;
	classes = {
	};
	objectVersion = 56;
	objects = {

/* Begin PBXBuildFile section */
		0D236302C40BB898E3F71C0D /* Pods_Namey.framework in Frameworks */ = {isa = PBXBuildFile; fileRef = 9CEC1B239EFD2CE1DAEA4441 /* Pods_Namey.framework */; };
		7502561829CE4A1C004FE87A /* GoogleService-Info.plist in Resources */ = {isa = PBXBuildFile; fileRef = 7502561729CE4A1C004FE87A /* GoogleService-Info.plist */; };
		7516ED2229D215CB00801960 /* K.swift in Sources */ = {isa = PBXBuildFile; fileRef = 7516ED2129D215CB00801960 /* K.swift */; };
		7545750A29C00798004242C5 /* LogInViewController.swift in Sources */ = {isa = PBXBuildFile; fileRef = 7545750929C00798004242C5 /* LogInViewController.swift */; };
		7545750C29C00848004242C5 /* PlacesViewController.swift in Sources */ = {isa = PBXBuildFile; fileRef = 7545750B29C00848004242C5 /* PlacesViewController.swift */; };
		7545750F29C00868004242C5 /* NamesViewController.swift in Sources */ = {isa = PBXBuildFile; fileRef = 7545750E29C00868004242C5 /* NamesViewController.swift */; };
		7545751129C0086F004242C5 /* SettingsViewController.swift in Sources */ = {isa = PBXBuildFile; fileRef = 7545751029C0086F004242C5 /* SettingsViewController.swift */; };
		754B6BE02A9DEDC200F8A3B0 /* eastersong.mp3 in Resources */ = {isa = PBXBuildFile; fileRef = 754B6BDF2A9DEDC200F8A3B0 /* eastersong.mp3 */; };
		7579D8CF29F1F6A7003FEBA3 /* LocationCell.swift in Sources */ = {isa = PBXBuildFile; fileRef = 7579D8CD29F1F6A7003FEBA3 /* LocationCell.swift */; };
		7579D8D029F1F6A7003FEBA3 /* LocationCell.xib in Resources */ = {isa = PBXBuildFile; fileRef = 7579D8CE29F1F6A7003FEBA3 /* LocationCell.xib */; };
		75A2588E29D21A1200A8D509 /* Note.swift in Sources */ = {isa = PBXBuildFile; fileRef = 75A2588D29D21A1200A8D509 /* Note.swift */; };
		75A2589529D2380000A8D509 /* NoteCell.swift in Sources */ = {isa = PBXBuildFile; fileRef = 75A2589329D2380000A8D509 /* NoteCell.swift */; };
		75A2589629D2380000A8D509 /* NoteCell.xib in Resources */ = {isa = PBXBuildFile; fileRef = 75A2589429D2380000A8D509 /* NoteCell.xib */; };
		75B69CD529BFEEE40049D4F5 /* AppDelegate.swift in Sources */ = {isa = PBXBuildFile; fileRef = 75B69CD429BFEEE40049D4F5 /* AppDelegate.swift */; };
		75B69CD729BFEEE40049D4F5 /* SceneDelegate.swift in Sources */ = {isa = PBXBuildFile; fileRef = 75B69CD629BFEEE40049D4F5 /* SceneDelegate.swift */; };
		75B69CD929BFEEE40049D4F5 /* HomeViewController.swift in Sources */ = {isa = PBXBuildFile; fileRef = 75B69CD829BFEEE40049D4F5 /* HomeViewController.swift */; };
		75B69CDC29BFEEE40049D4F5 /* Main.storyboard in Resources */ = {isa = PBXBuildFile; fileRef = 75B69CDA29BFEEE40049D4F5 /* Main.storyboard */; };
		75B69CDF29BFEEE40049D4F5 /* RememberMe.xcdatamodeld in Sources */ = {isa = PBXBuildFile; fileRef = 75B69CDD29BFEEE40049D4F5 /* RememberMe.xcdatamodeld */; };
		75B69CE129BFEEE50049D4F5 /* Assets.xcassets in Resources */ = {isa = PBXBuildFile; fileRef = 75B69CE029BFEEE50049D4F5 /* Assets.xcassets */; };
		75B69CE429BFEEE50049D4F5 /* LaunchScreen.storyboard in Resources */ = {isa = PBXBuildFile; fileRef = 75B69CE229BFEEE50049D4F5 /* LaunchScreen.storyboard */; };
		75B69CED29BFF5120049D4F5 /* WelcomeViewController.swift in Sources */ = {isa = PBXBuildFile; fileRef = 75B69CEC29BFF5120049D4F5 /* WelcomeViewController.swift */; };
		75B69CEF29BFF5200049D4F5 /* RegisterViewController.swift in Sources */ = {isa = PBXBuildFile; fileRef = 75B69CEE29BFF5200049D4F5 /* RegisterViewController.swift */; };
		75DAE7192A9F22B700929388 /* .gitignore in Resources */ = {isa = PBXBuildFile; fileRef = 75DAE7182A9F22B700929388 /* .gitignore */; };
		75E3997E2AA1AC9300914DA5 /* ImageCacheManager.swift in Sources */ = {isa = PBXBuildFile; fileRef = 75E3997D2AA1AC9300914DA5 /* ImageCacheManager.swift */; };
		75EC7DE32A93FF8200A8EB75 /* APIManager.swift in Sources */ = {isa = PBXBuildFile; fileRef = 75EC7DE22A93FF8200A8EB75 /* APIManager.swift */; };
		75F5D89529C63D2A00272A2F /* MenuController.swift in Sources */ = {isa = PBXBuildFile; fileRef = 75F5D89429C63D2A00272A2F /* MenuController.swift */; };
/* End PBXBuildFile section */

/* Begin PBXFileReference section */
		2E72DCCE94307E8B124BC5D3 /* Pods-RememberMe.debug.xcconfig */ = {isa = PBXFileReference; includeInIndex = 1; lastKnownFileType = text.xcconfig; name = "Pods-RememberMe.debug.xcconfig"; path = "Target Support Files/Pods-RememberMe/Pods-RememberMe.debug.xcconfig"; sourceTree = "<group>"; };
		7502561529CE4851004FE87A /* Roboto-Bold.ttf */ = {isa = PBXFileReference; lastKnownFileType = file; path = "Roboto-Bold.ttf"; sourceTree = "<group>"; };
		7502561629CE485D004FE87A /* Roboto-Regular.ttf */ = {isa = PBXFileReference; lastKnownFileType = file; path = "Roboto-Regular.ttf"; sourceTree = "<group>"; };
		7502561729CE4A1C004FE87A /* GoogleService-Info.plist */ = {isa = PBXFileReference; fileEncoding = 4; lastKnownFileType = text.plist.xml; path = "GoogleService-Info.plist"; sourceTree = "<group>"; };
		7516ED2129D215CB00801960 /* K.swift */ = {isa = PBXFileReference; lastKnownFileType = sourcecode.swift; path = K.swift; sourceTree = "<group>"; };
		7545750929C00798004242C5 /* LogInViewController.swift */ = {isa = PBXFileReference; lastKnownFileType = sourcecode.swift; path = LogInViewController.swift; sourceTree = "<group>"; };
		7545750B29C00848004242C5 /* PlacesViewController.swift */ = {isa = PBXFileReference; lastKnownFileType = sourcecode.swift; path = PlacesViewController.swift; sourceTree = "<group>"; };
		7545750E29C00868004242C5 /* NamesViewController.swift */ = {isa = PBXFileReference; lastKnownFileType = sourcecode.swift; path = NamesViewController.swift; sourceTree = "<group>"; };
		7545751029C0086F004242C5 /* SettingsViewController.swift */ = {isa = PBXFileReference; lastKnownFileType = sourcecode.swift; path = SettingsViewController.swift; sourceTree = "<group>"; };
		754B6BDF2A9DEDC200F8A3B0 /* eastersong.mp3 */ = {isa = PBXFileReference; lastKnownFileType = audio.mp3; path = eastersong.mp3; sourceTree = "<group>"; };
		7579D8CD29F1F6A7003FEBA3 /* LocationCell.swift */ = {isa = PBXFileReference; lastKnownFileType = sourcecode.swift; path = LocationCell.swift; sourceTree = "<group>"; };
		7579D8CE29F1F6A7003FEBA3 /* LocationCell.xib */ = {isa = PBXFileReference; lastKnownFileType = file.xib; path = LocationCell.xib; sourceTree = "<group>"; };
		75A2588D29D21A1200A8D509 /* Note.swift */ = {isa = PBXFileReference; lastKnownFileType = sourcecode.swift; path = Note.swift; sourceTree = "<group>"; };
		75A2589329D2380000A8D509 /* NoteCell.swift */ = {isa = PBXFileReference; lastKnownFileType = sourcecode.swift; path = NoteCell.swift; sourceTree = "<group>"; };
		75A2589429D2380000A8D509 /* NoteCell.xib */ = {isa = PBXFileReference; lastKnownFileType = file.xib; path = NoteCell.xib; sourceTree = "<group>"; };
		75B69CD129BFEEE40049D4F5 /* Namey.app */ = {isa = PBXFileReference; explicitFileType = wrapper.application; includeInIndex = 0; path = Namey.app; sourceTree = BUILT_PRODUCTS_DIR; };
		75B69CD429BFEEE40049D4F5 /* AppDelegate.swift */ = {isa = PBXFileReference; lastKnownFileType = sourcecode.swift; path = AppDelegate.swift; sourceTree = "<group>"; };
		75B69CD629BFEEE40049D4F5 /* SceneDelegate.swift */ = {isa = PBXFileReference; lastKnownFileType = sourcecode.swift; path = SceneDelegate.swift; sourceTree = "<group>"; };
		75B69CD829BFEEE40049D4F5 /* HomeViewController.swift */ = {isa = PBXFileReference; lastKnownFileType = sourcecode.swift; path = HomeViewController.swift; sourceTree = "<group>"; };
		75B69CDB29BFEEE40049D4F5 /* Base */ = {isa = PBXFileReference; lastKnownFileType = file.storyboard; name = Base; path = Base.lproj/Main.storyboard; sourceTree = "<group>"; };
		75B69CDE29BFEEE40049D4F5 /* RememberMe.xcdatamodel */ = {isa = PBXFileReference; lastKnownFileType = wrapper.xcdatamodel; path = RememberMe.xcdatamodel; sourceTree = "<group>"; };
		75B69CE029BFEEE50049D4F5 /* Assets.xcassets */ = {isa = PBXFileReference; lastKnownFileType = folder.assetcatalog; path = Assets.xcassets; sourceTree = "<group>"; };
		75B69CE329BFEEE50049D4F5 /* Base */ = {isa = PBXFileReference; lastKnownFileType = file.storyboard; name = Base; path = Base.lproj/LaunchScreen.storyboard; sourceTree = "<group>"; };
		75B69CE529BFEEE50049D4F5 /* Info.plist */ = {isa = PBXFileReference; lastKnownFileType = text.plist.xml; path = Info.plist; sourceTree = "<group>"; };
		75B69CEC29BFF5120049D4F5 /* WelcomeViewController.swift */ = {isa = PBXFileReference; lastKnownFileType = sourcecode.swift; path = WelcomeViewController.swift; sourceTree = "<group>"; };
		75B69CEE29BFF5200049D4F5 /* RegisterViewController.swift */ = {isa = PBXFileReference; lastKnownFileType = sourcecode.swift; path = RegisterViewController.swift; sourceTree = "<group>"; };
		75DAE7182A9F22B700929388 /* .gitignore */ = {isa = PBXFileReference; lastKnownFileType = text; path = .gitignore; sourceTree = "<group>"; };
		75E3997D2AA1AC9300914DA5 /* ImageCacheManager.swift */ = {isa = PBXFileReference; lastKnownFileType = sourcecode.swift; path = ImageCacheManager.swift; sourceTree = "<group>"; };
		75EC7DE22A93FF8200A8EB75 /* APIManager.swift */ = {isa = PBXFileReference; lastKnownFileType = sourcecode.swift; path = APIManager.swift; sourceTree = "<group>"; };
		75F5D89429C63D2A00272A2F /* MenuController.swift */ = {isa = PBXFileReference; lastKnownFileType = sourcecode.swift; path = MenuController.swift; sourceTree = "<group>"; };
		9CEC1B239EFD2CE1DAEA4441 /* Pods_Namey.framework */ = {isa = PBXFileReference; explicitFileType = wrapper.framework; includeInIndex = 0; path = Pods_Namey.framework; sourceTree = BUILT_PRODUCTS_DIR; };
		C61B636FCDA26CB4C0C103B5 /* Pods-Namey.release.xcconfig */ = {isa = PBXFileReference; includeInIndex = 1; lastKnownFileType = text.xcconfig; name = "Pods-Namey.release.xcconfig"; path = "Target Support Files/Pods-Namey/Pods-Namey.release.xcconfig"; sourceTree = "<group>"; };
		D52F56AC43D9BDF3ECF77AD1 /* Pods-RememberMe.release.xcconfig */ = {isa = PBXFileReference; includeInIndex = 1; lastKnownFileType = text.xcconfig; name = "Pods-RememberMe.release.xcconfig"; path = "Target Support Files/Pods-RememberMe/Pods-RememberMe.release.xcconfig"; sourceTree = "<group>"; };
		EFB17725452B99398D9115B9 /* Pods-Namey.debug.xcconfig */ = {isa = PBXFileReference; includeInIndex = 1; lastKnownFileType = text.xcconfig; name = "Pods-Namey.debug.xcconfig"; path = "Target Support Files/Pods-Namey/Pods-Namey.debug.xcconfig"; sourceTree = "<group>"; };
/* End PBXFileReference section */

/* Begin PBXFrameworksBuildPhase section */
		75B69CCE29BFEEE40049D4F5 /* Frameworks */ = {
			isa = PBXFrameworksBuildPhase;
			buildActionMask = 2147483647;
			files = (
				0D236302C40BB898E3F71C0D /* Pods_Namey.framework in Frameworks */,
			);
			runOnlyForDeploymentPostprocessing = 0;
		};
/* End PBXFrameworksBuildPhase section */

/* Begin PBXGroup section */
		11CEAAF000DFB8545CCD8CBC /* Frameworks */ = {
			isa = PBXGroup;
			children = (
				9CEC1B239EFD2CE1DAEA4441 /* Pods_Namey.framework */,
			);
			name = Frameworks;
			sourceTree = "<group>";
		};
		7516ED1929D0C7B800801960 /* Views */ = {
			isa = PBXGroup;
			children = (
			);
			path = Views;
			sourceTree = "<group>";
		};
		7516ED1A29D0C7D900801960 /* Models */ = {
			isa = PBXGroup;
			children = (
				75A2588D29D21A1200A8D509 /* Note.swift */,
				75EC7DE22A93FF8200A8EB75 /* APIManager.swift */,
				75E3997D2AA1AC9300914DA5 /* ImageCacheManager.swift */,
			);
			path = Models;
			sourceTree = "<group>";
		};
		7545750D29C00853004242C5 /* Navigation */ = {
			isa = PBXGroup;
			children = (
				75B69CD829BFEEE40049D4F5 /* HomeViewController.swift */,
				7545750B29C00848004242C5 /* PlacesViewController.swift */,
				7545750E29C00868004242C5 /* NamesViewController.swift */,
				7545751029C0086F004242C5 /* SettingsViewController.swift */,
				75F5D89429C63D2A00272A2F /* MenuController.swift */,
			);
			path = Navigation;
			sourceTree = "<group>";
		};
		754B6BDE2A9DED6100F8A3B0 /* music */ = {
			isa = PBXGroup;
			children = (
				754B6BDF2A9DEDC200F8A3B0 /* eastersong.mp3 */,
			);
			path = music;
			sourceTree = "<group>";
		};
		755AE47829C5095A00FA55B0 /* Fonts */ = {
			isa = PBXGroup;
			children = (
				7502561629CE485D004FE87A /* Roboto-Regular.ttf */,
				7502561529CE4851004FE87A /* Roboto-Bold.ttf */,
			);
			path = Fonts;
			sourceTree = "<group>";
		};
		75B69CC829BFEEE40049D4F5 = {
			isa = PBXGroup;
			children = (
				75DAE7182A9F22B700929388 /* .gitignore */,
				75B69CD329BFEEE40049D4F5 /* RememberMe */,
				75B69CD229BFEEE40049D4F5 /* Products */,
				AE0CEECD4EAFC13346F439F3 /* Pods */,
				11CEAAF000DFB8545CCD8CBC /* Frameworks */,
			);
			sourceTree = "<group>";
		};
		75B69CD229BFEEE40049D4F5 /* Products */ = {
			isa = PBXGroup;
			children = (
				75B69CD129BFEEE40049D4F5 /* Namey.app */,
			);
			name = Products;
			sourceTree = "<group>";
		};
		75B69CD329BFEEE40049D4F5 /* RememberMe */ = {
			isa = PBXGroup;
			children = (
				754B6BDE2A9DED6100F8A3B0 /* music */,
				7516ED1A29D0C7D900801960 /* Models */,
				7516ED1929D0C7B800801960 /* Views */,
				75B69CD429BFEEE40049D4F5 /* AppDelegate.swift */,
				75A2589329D2380000A8D509 /* NoteCell.swift */,
				75A2589429D2380000A8D509 /* NoteCell.xib */,
				7579D8CD29F1F6A7003FEBA3 /* LocationCell.swift */,
				7579D8CE29F1F6A7003FEBA3 /* LocationCell.xib */,
				75B69CD629BFEEE40049D4F5 /* SceneDelegate.swift */,
				75B69CEB29BFF4FB0049D4F5 /* Controllers */,
				75B69CDA29BFEEE40049D4F5 /* Main.storyboard */,
				75B69CE029BFEEE50049D4F5 /* Assets.xcassets */,
				7516ED2129D215CB00801960 /* K.swift */,
				755AE47829C5095A00FA55B0 /* Fonts */,
				75B69CE229BFEEE50049D4F5 /* LaunchScreen.storyboard */,
				75B69CE529BFEEE50049D4F5 /* Info.plist */,
				7502561729CE4A1C004FE87A /* GoogleService-Info.plist */,
				75B69CDD29BFEEE40049D4F5 /* RememberMe.xcdatamodeld */,
			);
			path = RememberMe;
			sourceTree = "<group>";
		};
		75B69CEB29BFF4FB0049D4F5 /* Controllers */ = {
			isa = PBXGroup;
			children = (
				75B69CEC29BFF5120049D4F5 /* WelcomeViewController.swift */,
				75B69CEE29BFF5200049D4F5 /* RegisterViewController.swift */,
				7545750929C00798004242C5 /* LogInViewController.swift */,
				7545750D29C00853004242C5 /* Navigation */,
			);
			path = Controllers;
			sourceTree = "<group>";
		};
		AE0CEECD4EAFC13346F439F3 /* Pods */ = {
			isa = PBXGroup;
			children = (
				2E72DCCE94307E8B124BC5D3 /* Pods-RememberMe.debug.xcconfig */,
				D52F56AC43D9BDF3ECF77AD1 /* Pods-RememberMe.release.xcconfig */,
				EFB17725452B99398D9115B9 /* Pods-Namey.debug.xcconfig */,
				C61B636FCDA26CB4C0C103B5 /* Pods-Namey.release.xcconfig */,
			);
			path = Pods;
			sourceTree = "<group>";
		};
/* End PBXGroup section */

/* Begin PBXNativeTarget section */
		75B69CD029BFEEE40049D4F5 /* Namey */ = {
			isa = PBXNativeTarget;
			buildConfigurationList = 75B69CE829BFEEE50049D4F5 /* Build configuration list for PBXNativeTarget "Namey" */;
			buildPhases = (
				E71311DD0B5C5654BDAABA3F /* [CP] Check Pods Manifest.lock */,
				75B69CCD29BFEEE40049D4F5 /* Sources */,
				75B69CCE29BFEEE40049D4F5 /* Frameworks */,
				75B69CCF29BFEEE40049D4F5 /* Resources */,
				A3A4CFC10B5AE6E1F669AEF3 /* [CP] Embed Pods Frameworks */,
			);
			buildRules = (
			);
			dependencies = (
			);
			name = Namey;
			productName = RememberMe;
			productReference = 75B69CD129BFEEE40049D4F5 /* Namey.app */;
			productType = "com.apple.product-type.application";
		};
/* End PBXNativeTarget section */

/* Begin PBXProject section */
		75B69CC929BFEEE40049D4F5 /* Project object */ = {
			isa = PBXProject;
			attributes = {
				BuildIndependentTargetsInParallel = 1;
				LastSwiftUpdateCheck = 1420;
				LastUpgradeCheck = 1420;
				TargetAttributes = {
					75B69CD029BFEEE40049D4F5 = {
						CreatedOnToolsVersion = 14.2;
					};
				};
			};
			buildConfigurationList = 75B69CCC29BFEEE40049D4F5 /* Build configuration list for PBXProject "Namey" */;
			compatibilityVersion = "Xcode 14.0";
			developmentRegion = en;
			hasScannedForEncodings = 0;
			knownRegions = (
				en,
				Base,
			);
			mainGroup = 75B69CC829BFEEE40049D4F5;
			productRefGroup = 75B69CD229BFEEE40049D4F5 /* Products */;
			projectDirPath = "";
			projectRoot = "";
			targets = (
				75B69CD029BFEEE40049D4F5 /* Namey */,
			);
		};
/* End PBXProject section */

/* Begin PBXResourcesBuildPhase section */
		75B69CCF29BFEEE40049D4F5 /* Resources */ = {
			isa = PBXResourcesBuildPhase;
			buildActionMask = 2147483647;
			files = (
				75DAE7192A9F22B700929388 /* .gitignore in Resources */,
				7579D8D029F1F6A7003FEBA3 /* LocationCell.xib in Resources */,
				75A2589629D2380000A8D509 /* NoteCell.xib in Resources */,
				75B69CE429BFEEE50049D4F5 /* LaunchScreen.storyboard in Resources */,
				7502561829CE4A1C004FE87A /* GoogleService-Info.plist in Resources */,
				754B6BE02A9DEDC200F8A3B0 /* eastersong.mp3 in Resources */,
				75B69CE129BFEEE50049D4F5 /* Assets.xcassets in Resources */,
				75B69CDC29BFEEE40049D4F5 /* Main.storyboard in Resources */,
			);
			runOnlyForDeploymentPostprocessing = 0;
		};
/* End PBXResourcesBuildPhase section */

/* Begin PBXShellScriptBuildPhase section */
		A3A4CFC10B5AE6E1F669AEF3 /* [CP] Embed Pods Frameworks */ = {
			isa = PBXShellScriptBuildPhase;
			buildActionMask = 2147483647;
			files = (
			);
			inputFileListPaths = (
				"${PODS_ROOT}/Target Support Files/Pods-Namey/Pods-Namey-frameworks-${CONFIGURATION}-input-files.xcfilelist",
			);
			name = "[CP] Embed Pods Frameworks";
			outputFileListPaths = (
				"${PODS_ROOT}/Target Support Files/Pods-Namey/Pods-Namey-frameworks-${CONFIGURATION}-output-files.xcfilelist",
			);
			runOnlyForDeploymentPostprocessing = 0;
			shellPath = /bin/sh;
			shellScript = "\"${PODS_ROOT}/Target Support Files/Pods-Namey/Pods-Namey-frameworks.sh\"\n";
			showEnvVarsInLog = 0;
		};
		E71311DD0B5C5654BDAABA3F /* [CP] Check Pods Manifest.lock */ = {
			isa = PBXShellScriptBuildPhase;
			buildActionMask = 2147483647;
			files = (
			);
			inputFileListPaths = (
			);
			inputPaths = (
				"${PODS_PODFILE_DIR_PATH}/Podfile.lock",
				"${PODS_ROOT}/Manifest.lock",
			);
			name = "[CP] Check Pods Manifest.lock";
			outputFileListPaths = (
			);
			outputPaths = (
				"$(DERIVED_FILE_DIR)/Pods-Namey-checkManifestLockResult.txt",
			);
			runOnlyForDeploymentPostprocessing = 0;
			shellPath = /bin/sh;
			shellScript = "diff \"${PODS_PODFILE_DIR_PATH}/Podfile.lock\" \"${PODS_ROOT}/Manifest.lock\" > /dev/null\nif [ $? != 0 ] ; then\n    # print error to STDERR\n    echo \"error: The sandbox is not in sync with the Podfile.lock. Run 'pod install' or update your CocoaPods installation.\" >&2\n    exit 1\nfi\n# This output is used by Xcode 'outputs' to avoid re-running this script phase.\necho \"SUCCESS\" > \"${SCRIPT_OUTPUT_FILE_0}\"\n";
			showEnvVarsInLog = 0;
		};
/* End PBXShellScriptBuildPhase section */

/* Begin PBXSourcesBuildPhase section */
		75B69CCD29BFEEE40049D4F5 /* Sources */ = {
			isa = PBXSourcesBuildPhase;
			buildActionMask = 2147483647;
			files = (
				75EC7DE32A93FF8200A8EB75 /* APIManager.swift in Sources */,
				75B69CDF29BFEEE40049D4F5 /* RememberMe.xcdatamodeld in Sources */,
				7516ED2229D215CB00801960 /* K.swift in Sources */,
				75B69CD929BFEEE40049D4F5 /* HomeViewController.swift in Sources */,
				75E3997E2AA1AC9300914DA5 /* ImageCacheManager.swift in Sources */,
				75B69CD529BFEEE40049D4F5 /* AppDelegate.swift in Sources */,
				7545751129C0086F004242C5 /* SettingsViewController.swift in Sources */,
				75A2589529D2380000A8D509 /* NoteCell.swift in Sources */,
				7579D8CF29F1F6A7003FEBA3 /* LocationCell.swift in Sources */,
				7545750A29C00798004242C5 /* LogInViewController.swift in Sources */,
				75F5D89529C63D2A00272A2F /* MenuController.swift in Sources */,
				7545750F29C00868004242C5 /* NamesViewController.swift in Sources */,
				7545750C29C00848004242C5 /* PlacesViewController.swift in Sources */,
				75B69CEF29BFF5200049D4F5 /* RegisterViewController.swift in Sources */,
				75B69CED29BFF5120049D4F5 /* WelcomeViewController.swift in Sources */,
				75B69CD729BFEEE40049D4F5 /* SceneDelegate.swift in Sources */,
				75A2588E29D21A1200A8D509 /* Note.swift in Sources */,
			);
			runOnlyForDeploymentPostprocessing = 0;
		};
/* End PBXSourcesBuildPhase section */

/* Begin PBXVariantGroup section */
		75B69CDA29BFEEE40049D4F5 /* Main.storyboard */ = {
			isa = PBXVariantGroup;
			children = (
				75B69CDB29BFEEE40049D4F5 /* Base */,
			);
			name = Main.storyboard;
			sourceTree = "<group>";
		};
		75B69CE229BFEEE50049D4F5 /* LaunchScreen.storyboard */ = {
			isa = PBXVariantGroup;
			children = (
				75B69CE329BFEEE50049D4F5 /* Base */,
			);
			name = LaunchScreen.storyboard;
			sourceTree = "<group>";
		};
/* End PBXVariantGroup section */

/* Begin XCBuildConfiguration section */
		75B69CE629BFEEE50049D4F5 /* Debug */ = {
			isa = XCBuildConfiguration;
			buildSettings = {
				ALWAYS_SEARCH_USER_PATHS = NO;
				CLANG_ANALYZER_NONNULL = YES;
				CLANG_ANALYZER_NUMBER_OBJECT_CONVERSION = YES_AGGRESSIVE;
				CLANG_CXX_LANGUAGE_STANDARD = "gnu++20";
				CLANG_ENABLE_MODULES = YES;
				CLANG_ENABLE_OBJC_ARC = YES;
				CLANG_ENABLE_OBJC_WEAK = YES;
				CLANG_WARN_BLOCK_CAPTURE_AUTORELEASING = YES;
				CLANG_WARN_BOOL_CONVERSION = YES;
				CLANG_WARN_COMMA = YES;
				CLANG_WARN_CONSTANT_CONVERSION = YES;
				CLANG_WARN_DEPRECATED_OBJC_IMPLEMENTATIONS = YES;
				CLANG_WARN_DIRECT_OBJC_ISA_USAGE = YES_ERROR;
				CLANG_WARN_DOCUMENTATION_COMMENTS = YES;
				CLANG_WARN_EMPTY_BODY = YES;
				CLANG_WARN_ENUM_CONVERSION = YES;
				CLANG_WARN_INFINITE_RECURSION = YES;
				CLANG_WARN_INT_CONVERSION = YES;
				CLANG_WARN_NON_LITERAL_NULL_CONVERSION = YES;
				CLANG_WARN_OBJC_IMPLICIT_RETAIN_SELF = YES;
				CLANG_WARN_OBJC_LITERAL_CONVERSION = YES;
				CLANG_WARN_OBJC_ROOT_CLASS = YES_ERROR;
				CLANG_WARN_QUOTED_INCLUDE_IN_FRAMEWORK_HEADER = YES;
				CLANG_WARN_RANGE_LOOP_ANALYSIS = YES;
				CLANG_WARN_STRICT_PROTOTYPES = YES;
				CLANG_WARN_SUSPICIOUS_MOVE = YES;
				CLANG_WARN_UNGUARDED_AVAILABILITY = YES_AGGRESSIVE;
				CLANG_WARN_UNREACHABLE_CODE = YES;
				CLANG_WARN__DUPLICATE_METHOD_MATCH = YES;
				COPY_PHASE_STRIP = NO;
				DEBUG_INFORMATION_FORMAT = dwarf;
				ENABLE_STRICT_OBJC_MSGSEND = YES;
				ENABLE_TESTABILITY = YES;
				GCC_C_LANGUAGE_STANDARD = gnu11;
				GCC_DYNAMIC_NO_PIC = NO;
				GCC_NO_COMMON_BLOCKS = YES;
				GCC_OPTIMIZATION_LEVEL = 0;
				GCC_PREPROCESSOR_DEFINITIONS = (
					"DEBUG=1",
					"$(inherited)",
				);
				GCC_WARN_64_TO_32_BIT_CONVERSION = YES;
				GCC_WARN_ABOUT_RETURN_TYPE = YES_ERROR;
				GCC_WARN_UNDECLARED_SELECTOR = YES;
				GCC_WARN_UNINITIALIZED_AUTOS = YES_AGGRESSIVE;
				GCC_WARN_UNUSED_FUNCTION = YES;
				GCC_WARN_UNUSED_VARIABLE = YES;
				IPHONEOS_DEPLOYMENT_TARGET = 14.0;
				MTL_ENABLE_DEBUG_INFO = INCLUDE_SOURCE;
				MTL_FAST_MATH = YES;
				ONLY_ACTIVE_ARCH = YES;
				SDKROOT = iphoneos;
				SWIFT_ACTIVE_COMPILATION_CONDITIONS = DEBUG;
				SWIFT_OPTIMIZATION_LEVEL = "-Onone";
			};
			name = Debug;
		};
		75B69CE729BFEEE50049D4F5 /* Release */ = {
			isa = XCBuildConfiguration;
			buildSettings = {
				ALWAYS_SEARCH_USER_PATHS = NO;
				CLANG_ANALYZER_NONNULL = YES;
				CLANG_ANALYZER_NUMBER_OBJECT_CONVERSION = YES_AGGRESSIVE;
				CLANG_CXX_LANGUAGE_STANDARD = "gnu++20";
				CLANG_ENABLE_MODULES = YES;
				CLANG_ENABLE_OBJC_ARC = YES;
				CLANG_ENABLE_OBJC_WEAK = YES;
				CLANG_WARN_BLOCK_CAPTURE_AUTORELEASING = YES;
				CLANG_WARN_BOOL_CONVERSION = YES;
				CLANG_WARN_COMMA = YES;
				CLANG_WARN_CONSTANT_CONVERSION = YES;
				CLANG_WARN_DEPRECATED_OBJC_IMPLEMENTATIONS = YES;
				CLANG_WARN_DIRECT_OBJC_ISA_USAGE = YES_ERROR;
				CLANG_WARN_DOCUMENTATION_COMMENTS = YES;
				CLANG_WARN_EMPTY_BODY = YES;
				CLANG_WARN_ENUM_CONVERSION = YES;
				CLANG_WARN_INFINITE_RECURSION = YES;
				CLANG_WARN_INT_CONVERSION = YES;
				CLANG_WARN_NON_LITERAL_NULL_CONVERSION = YES;
				CLANG_WARN_OBJC_IMPLICIT_RETAIN_SELF = YES;
				CLANG_WARN_OBJC_LITERAL_CONVERSION = YES;
				CLANG_WARN_OBJC_ROOT_CLASS = YES_ERROR;
				CLANG_WARN_QUOTED_INCLUDE_IN_FRAMEWORK_HEADER = YES;
				CLANG_WARN_RANGE_LOOP_ANALYSIS = YES;
				CLANG_WARN_STRICT_PROTOTYPES = YES;
				CLANG_WARN_SUSPICIOUS_MOVE = YES;
				CLANG_WARN_UNGUARDED_AVAILABILITY = YES_AGGRESSIVE;
				CLANG_WARN_UNREACHABLE_CODE = YES;
				CLANG_WARN__DUPLICATE_METHOD_MATCH = YES;
				COPY_PHASE_STRIP = NO;
				DEBUG_INFORMATION_FORMAT = "dwarf-with-dsym";
				ENABLE_NS_ASSERTIONS = NO;
				ENABLE_STRICT_OBJC_MSGSEND = YES;
				GCC_C_LANGUAGE_STANDARD = gnu11;
				GCC_NO_COMMON_BLOCKS = YES;
				GCC_WARN_64_TO_32_BIT_CONVERSION = YES;
				GCC_WARN_ABOUT_RETURN_TYPE = YES_ERROR;
				GCC_WARN_UNDECLARED_SELECTOR = YES;
				GCC_WARN_UNINITIALIZED_AUTOS = YES_AGGRESSIVE;
				GCC_WARN_UNUSED_FUNCTION = YES;
				GCC_WARN_UNUSED_VARIABLE = YES;
				IPHONEOS_DEPLOYMENT_TARGET = 14.0;
				MTL_ENABLE_DEBUG_INFO = NO;
				MTL_FAST_MATH = YES;
				SDKROOT = iphoneos;
				SWIFT_COMPILATION_MODE = wholemodule;
				SWIFT_OPTIMIZATION_LEVEL = "-O";
				VALIDATE_PRODUCT = YES;
			};
			name = Release;
		};
		75B69CE929BFEEE50049D4F5 /* Debug */ = {
			isa = XCBuildConfiguration;
			baseConfigurationReference = EFB17725452B99398D9115B9 /* Pods-Namey.debug.xcconfig */;
			buildSettings = {
				ASSETCATALOG_COMPILER_APPICON_NAME = AppIcon;
				ASSETCATALOG_COMPILER_GLOBAL_ACCENT_COLOR_NAME = AccentColor;
				CODE_SIGN_STYLE = Automatic;
				CURRENT_PROJECT_VERSION = 1;
				DEVELOPMENT_TEAM = TV7YB5JDT2;
				GENERATE_INFOPLIST_FILE = YES;
				INFOPLIST_FILE = RememberMe/Info.plist;
				INFOPLIST_KEY_CFBundleDisplayName = Namie;
				INFOPLIST_KEY_NSCameraUsageDescription = "We need access to your camera to let you take and upload photos.";
				INFOPLIST_KEY_NSLocationAlwaysAndWhenInUseUsageDescription = "This app can run in the background to provide real-time navigation updates.";
				INFOPLIST_KEY_NSLocationWhenInUseUsageDescription = "We use your location to locate establishments you are visiting. It is a core function of the app";
				INFOPLIST_KEY_NSMicrophoneUsageDescription = "We need access to your microphone ti transcribe audio to text for a hands-free experience.";
				INFOPLIST_KEY_NSPhotoLibraryUsageDescription = "We need access to your photo library for you to upload spot photos.";
				INFOPLIST_KEY_NSSpeechRecognitionUsageDescription = "This app needs your microphone for text-to-speech functonality.";
				INFOPLIST_KEY_UIApplicationSupportsIndirectInputEvents = YES;
				INFOPLIST_KEY_UILaunchStoryboardName = LaunchScreen;
				INFOPLIST_KEY_UIMainStoryboardFile = Main;
				INFOPLIST_KEY_UISupportedInterfaceOrientations = "UIInterfaceOrientationPortrait UIInterfaceOrientationPortraitUpsideDown";
				INFOPLIST_KEY_UIUserInterfaceStyle = Light;
				IPHONEOS_DEPLOYMENT_TARGET = 14.0;
				LD_RUNPATH_SEARCH_PATHS = (
					"$(inherited)",
					"@executable_path/Frameworks",
				);
				MARKETING_VERSION = 1.0;
				PRODUCT_BUNDLE_IDENTIFIER = misiaszek.RememberMe;
				PRODUCT_NAME = "$(TARGET_NAME)";
				SWIFT_EMIT_LOC_STRINGS = YES;
				SWIFT_VERSION = 5.0;
				TARGETED_DEVICE_FAMILY = "1,2";
			};
			name = Debug;
		};
		75B69CEA29BFEEE50049D4F5 /* Release */ = {
			isa = XCBuildConfiguration;
			baseConfigurationReference = C61B636FCDA26CB4C0C103B5 /* Pods-Namey.release.xcconfig */;
			buildSettings = {
				ASSETCATALOG_COMPILER_APPICON_NAME = AppIcon;
				ASSETCATALOG_COMPILER_GLOBAL_ACCENT_COLOR_NAME = AccentColor;
				CODE_SIGN_STYLE = Automatic;
				CURRENT_PROJECT_VERSION = 1;
				DEVELOPMENT_TEAM = TV7YB5JDT2;
				GENERATE_INFOPLIST_FILE = YES;
				INFOPLIST_FILE = RememberMe/Info.plist;
				INFOPLIST_KEY_CFBundleDisplayName = Namie;
				INFOPLIST_KEY_NSCameraUsageDescription = "We need access to your camera to let you take and upload photos.";
				INFOPLIST_KEY_NSLocationAlwaysAndWhenInUseUsageDescription = "This app can run in the background to provide real-time navigation updates.";
				INFOPLIST_KEY_NSLocationWhenInUseUsageDescription = "We use your location to locate establishments you are visiting. It is a core function of the app";
				INFOPLIST_KEY_NSMicrophoneUsageDescription = "We need access to your microphone ti transcribe audio to text for a hands-free experience.";
				INFOPLIST_KEY_NSPhotoLibraryUsageDescription = "We need access to your photo library for you to upload spot photos.";
				INFOPLIST_KEY_NSSpeechRecognitionUsageDescription = "This app needs your microphone for text-to-speech functonality.";
				INFOPLIST_KEY_UIApplicationSupportsIndirectInputEvents = YES;
				INFOPLIST_KEY_UILaunchStoryboardName = LaunchScreen;
				INFOPLIST_KEY_UIMainStoryboardFile = Main;
				INFOPLIST_KEY_UISupportedInterfaceOrientations = "UIInterfaceOrientationPortrait UIInterfaceOrientationPortraitUpsideDown";
				INFOPLIST_KEY_UIUserInterfaceStyle = Light;
				IPHONEOS_DEPLOYMENT_TARGET = 14.0;
				LD_RUNPATH_SEARCH_PATHS = (
					"$(inherited)",
					"@executable_path/Frameworks",
				);
				MARKETING_VERSION = 1.0;
				PRODUCT_BUNDLE_IDENTIFIER = misiaszek.RememberMe;
				PRODUCT_NAME = "$(TARGET_NAME)";
				SWIFT_EMIT_LOC_STRINGS = YES;
				SWIFT_VERSION = 5.0;
				TARGETED_DEVICE_FAMILY = "1,2";
			};
			name = Release;
		};
/* End XCBuildConfiguration section */

/* Begin XCConfigurationList section */
		75B69CCC29BFEEE40049D4F5 /* Build configuration list for PBXProject "Namey" */ = {
			isa = XCConfigurationList;
			buildConfigurations = (
				75B69CE629BFEEE50049D4F5 /* Debug */,
				75B69CE729BFEEE50049D4F5 /* Release */,
			);
			defaultConfigurationIsVisible = 0;
			defaultConfigurationName = Release;
		};
		75B69CE829BFEEE50049D4F5 /* Build configuration list for PBXNativeTarget "Namey" */ = {
			isa = XCConfigurationList;
			buildConfigurations = (
				75B69CE929BFEEE50049D4F5 /* Debug */,
				75B69CEA29BFEEE50049D4F5 /* Release */,
			);
			defaultConfigurationIsVisible = 0;
			defaultConfigurationName = Release;
		};
/* End XCConfigurationList section */

/* Begin XCVersionGroup section */
		75B69CDD29BFEEE40049D4F5 /* RememberMe.xcdatamodeld */ = {
			isa = XCVersionGroup;
			children = (
				75B69CDE29BFEEE40049D4F5 /* RememberMe.xcdatamodel */,
			);
			currentVersion = 75B69CDE29BFEEE40049D4F5 /* RememberMe.xcdatamodel */;
			path = RememberMe.xcdatamodeld;
			sourceTree = "<group>";
			versionGroupType = wrapper.xcdatamodel;
		};
/* End XCVersionGroup section */
	};
	rootObject = 75B69CC929BFEEE40049D4F5 /* Project object */;
}
